PODS:
  - Flutter (1.0.0)
  - starflut (0.5.0):
    - Flutter

DEPENDENCIES:
  - Flutter (from `.symlinks/flutter/ios`)
  - starflut (from `.symlinks/plugins/starflut/ios`)

EXTERNAL SOURCES:
  Flutter:
    :path: ".symlinks/flutter/ios"
  starflut:
    :path: ".symlinks/plugins/starflut/ios"

SPEC CHECKSUMS:
  Flutter: 9d0fac939486c9aba2809b7982dfdbb47a7b0296
  starflut: 709c83ee7ad6d2a59655d38c14ad3853b5835d5f

PODFILE CHECKSUM: 1e5af4103afd21ca5ead147d7b81d06f494f51a2

COCOAPODS: 1.5.3
