PODS:
  - Flutter (1.0.0)
  - starflut (0.9.0):
    - Flutter

DEPENDENCIES:
  - Flutter (from `Flutter`)
  - starflut (from `.symlinks/plugins/starflut/ios`)

EXTERNAL SOURCES:
  Flutter:
    :path: Flutter
  starflut:
    :path: ".symlinks/plugins/starflut/ios"

SPEC CHECKSUMS:
  Flutter: 434fef37c0980e73bb6479ef766c45957d4b510c
  starflut: 2dd2b98798e82f3efcec6ec37d1bde2d02a83639

PODFILE CHECKSUM: 124871c13717f2388253dcfb709d8627f84a282d

COCOAPODS: 1.10.0
