PODS:
  - Flutter (1.0.0)
  - starflut (0.6.0):
    - Flutter

DEPENDENCIES:
  - Flutter (from `.symlinks/flutter/ios`)
  - starflut (from `.symlinks/plugins/starflut/ios`)

EXTERNAL SOURCES:
  Flutter:
    :path: ".symlinks/flutter/ios"
  starflut:
    :path: ".symlinks/plugins/starflut/ios"

SPEC CHECKSUMS:
  Flutter: 58dd7d1b27887414a370fcccb9e645c08ffd7a6a
  starflut: 20bd3d188a9358311bfc3e0464859b4158213389

PODFILE CHECKSUM: 1e5af4103afd21ca5ead147d7b81d06f494f51a2

COCOAPODS: 1.7.5
